Microsoft Visual Studio Solution File, Format Version 11.00
# Visual Studio 2008

Project("{1D572E17-D9E3-782B-C177-43E4137933A5}") = "EscapeBattle", "Assembly-CSharp.csproj", "{94AB5E19-B07C-FFD9-644B-603CB474B89C}"
EndProject
Global
	GlobalSection(SolutionConfigurationPlatforms) = preSolution
		Debug|Any CPU = Debug|Any CPU
		Release|Any CPU = Release|Any CPU
	EndGlobalSection
	GlobalSection(ProjectConfigurationPlatforms) = postSolution
		{94AB5E19-B07C-FFD9-644B-603CB474B89C}.Debug|Any CPU.ActiveCfg = Debug|Any CPU
		{94AB5E19-B07C-FFD9-644B-603CB474B89C}.Debug|Any CPU.Build.0 = Debug|Any CPU
		{94AB5E19-B07C-FFD9-644B-603CB474B89C}.Release|Any CPU.ActiveCfg = Release|Any CPU
		{94AB5E19-B07C-FFD9-644B-603CB474B89C}.Release|Any CPU.Build.0 = Release|Any CPU
	EndGlobalSection
	GlobalSection(SolutionProperties) = preSolution
		HideSolutionNode = FALSE
	EndGlobalSection
	GlobalSection(MonoDevelopProperties) = preSolution
		StartupItem = Assembly-CSharp.csproj
	EndGlobalSection
EndGlobal
